
Microsoft Visual Studio Solution File, Format Version 12.00
# Visual Studio Version 17
VisualStudioVersion = 17.0.31903.59
MinimumVisualStudioVersion = 10.0.40219.1
Project("{FAE04EC0-301F-11D3-BF4B-00C04F79EFBC}") = "Domain", "Domain\Domain.csproj", "{E6180EDF-2032-43B8-81B5-57A981929E00}"
EndProject
Project("{FAE04EC0-301F-11D3-BF4B-00C04F79EFBC}") = "Persistence", "Persistence\Persistence.csproj", "{466A71F1-ACCC-4643-A8F7-B87FD67E0448}"
EndProject
Project("{FAE04EC0-301F-11D3-BF4B-00C04F79EFBC}") = "Api", "Api\Api.csproj", "{EAB6893C-61EA-482B-A1D0-B5D05A062275}"
EndProject
Project("{FAE04EC0-301F-11D3-BF4B-00C04F79EFBC}") = "App", "App\App.csproj", "{EC074DB8-4006-4967-88DE-D76CB0B0CB39}"
EndProject
Global
	GlobalSection(SolutionConfigurationPlatforms) = preSolution
		Debug|Any CPU = Debug|Any CPU
		Release|Any CPU = Release|Any CPU
	EndGlobalSection
	GlobalSection(SolutionProperties) = preSolution
		HideSolutionNode = FALSE
	EndGlobalSection
	GlobalSection(ProjectConfigurationPlatforms) = postSolution
		{E6180EDF-2032-43B8-81B5-57A981929E00}.Debug|Any CPU.ActiveCfg = Debug|Any CPU
		{E6180EDF-2032-43B8-81B5-57A981929E00}.Debug|Any CPU.Build.0 = Debug|Any CPU
		{E6180EDF-2032-43B8-81B5-57A981929E00}.Release|Any CPU.ActiveCfg = Release|Any CPU
		{E6180EDF-2032-43B8-81B5-57A981929E00}.Release|Any CPU.Build.0 = Release|Any CPU
		{466A71F1-ACCC-4643-A8F7-B87FD67E0448}.Debug|Any CPU.ActiveCfg = Debug|Any CPU
		{466A71F1-ACCC-4643-A8F7-B87FD67E0448}.Debug|Any CPU.Build.0 = Debug|Any CPU
		{466A71F1-ACCC-4643-A8F7-B87FD67E0448}.Release|Any CPU.ActiveCfg = Release|Any CPU
		{466A71F1-ACCC-4643-A8F7-B87FD67E0448}.Release|Any CPU.Build.0 = Release|Any CPU
		{EAB6893C-61EA-482B-A1D0-B5D05A062275}.Debug|Any CPU.ActiveCfg = Debug|Any CPU
		{EAB6893C-61EA-482B-A1D0-B5D05A062275}.Debug|Any CPU.Build.0 = Debug|Any CPU
		{EAB6893C-61EA-482B-A1D0-B5D05A062275}.Release|Any CPU.ActiveCfg = Release|Any CPU
		{EAB6893C-61EA-482B-A1D0-B5D05A062275}.Release|Any CPU.Build.0 = Release|Any CPU
		{EC074DB8-4006-4967-88DE-D76CB0B0CB39}.Debug|Any CPU.ActiveCfg = Debug|Any CPU
		{EC074DB8-4006-4967-88DE-D76CB0B0CB39}.Debug|Any CPU.Build.0 = Debug|Any CPU
		{EC074DB8-4006-4967-88DE-D76CB0B0CB39}.Release|Any CPU.ActiveCfg = Release|Any CPU
		{EC074DB8-4006-4967-88DE-D76CB0B0CB39}.Release|Any CPU.Build.0 = Release|Any CPU
	EndGlobalSection
EndGlobal
